
Microsoft Visual Studio Solution File, Format Version 12.00
# Visual Studio Version 17
VisualStudioVersion = 17.5.2.0
MinimumVisualStudioVersion = 10.0.40219.1
Project("{FAE04EC0-301F-11D3-BF4B-00C04F79EFBC}") = "CodeLab.Api.Web", "CodeLab.Api.Web\CodeLab.Api.Web.csproj", "{5EE87C1F-1A7B-E02C-45B1-8619B6A4CE46}"
EndProject
Project("{FAE04EC0-301F-11D3-BF4B-00C04F79EFBC}") = "CodeLab.Application", "CodeLab.Application\CodeLab.Application.csproj", "{8DED5340-24A0-48AA-80D7-D460CD732FBC}"
EndProject
Project("{FAE04EC0-301F-11D3-BF4B-00C04F79EFBC}") = "CodeLab.Infrastructure.SqlServer", "CodeLab.Infrastructure.SqlServer\CodeLab.Infrastructure.SqlServer.csproj", "{EE92D526-0765-498C-B9CA-574FF33DA99D}"
EndProject
Project("{FAE04EC0-301F-11D3-BF4B-00C04F79EFBC}") = "CodeLab.Domain", "CodeLab.Domain\CodeLab.Domain.csproj", "{A0B93F1E-24CC-4DB6-BDE7-582109428A2A}"
EndProject
Project("{FAE04EC0-301F-11D3-BF4B-00C04F79EFBC}") = "CodeLab.Infrastructure.Jwt", "CodeLab.Infrastructure.Jwt\CodeLab.Infrastructure.Jwt.csproj", "{EEC22CEA-C30D-4215-A869-BFD7BB05FA08}"
EndProject
Project("{FAE04EC0-301F-11D3-BF4B-00C04F79EFBC}") = "CodeLab.Infrastructure.Logging", "CodeLab.Infrastructure.Logging\CodeLab.Infrastructure.Logging.csproj", "{5DDFDC72-62B4-4552-93EC-BBE6C004C32D}"
EndProject
Project("{FAE04EC0-301F-11D3-BF4B-00C04F79EFBC}") = "CodeLab.Service.Mail", "CodeLab.Service.Mail\CodeLab.Service.Mail.csproj", "{A17F989F-0E86-4F59-B5F5-DFD098FDD683}"
EndProject
Project("{FAE04EC0-301F-11D3-BF4B-00C04F79EFBC}") = "CodeLab.Infrastructure.RabbitMq", "CodeLab.Infrastructure.RabbitMq\CodeLab.Infrastructure.RabbitMq.csproj", "{0F039833-ADD9-4D97-89BE-9A6D3B8F7666}"
EndProject
Project("{FAE04EC0-301F-11D3-BF4B-00C04F79EFBC}") = "CodeLab.Infrastructure.Excel", "CodeLab.Infrastructure.Excel\CodeLab.Infrastructure.Excel.csproj", "{E303A5FD-11F2-48D7-AE01-ECD4CBF3E1D5}"
EndProject
Project("{FAE04EC0-301F-11D3-BF4B-00C04F79EFBC}") = "CodeLab.Testing", "CodeLab.Testing\CodeLab.Testing.csproj", "{F6046423-F605-4EBB-9503-82474500DB41}"
EndProject
Project("{FAE04EC0-301F-11D3-BF4B-00C04F79EFBC}") = "CodeLab.Infrastructure.Config", "CodeLab.Infrastructure.Config\CodeLab.Infrastructure.Config.csproj", "{641FDC68-3913-4EF5-BEDA-A04CD05BB358}"
EndProject
Global
	GlobalSection(SolutionConfigurationPlatforms) = preSolution
		Debug|Any CPU = Debug|Any CPU
		Debug|x64 = Debug|x64
		Debug|x86 = Debug|x86
		Release|Any CPU = Release|Any CPU
		Release|x64 = Release|x64
		Release|x86 = Release|x86
	EndGlobalSection
	GlobalSection(ProjectConfigurationPlatforms) = postSolution
		{5EE87C1F-1A7B-E02C-45B1-8619B6A4CE46}.Debug|Any CPU.ActiveCfg = Debug|Any CPU
		{5EE87C1F-1A7B-E02C-45B1-8619B6A4CE46}.Debug|Any CPU.Build.0 = Debug|Any CPU
		{5EE87C1F-1A7B-E02C-45B1-8619B6A4CE46}.Debug|x64.ActiveCfg = Debug|Any CPU
		{5EE87C1F-1A7B-E02C-45B1-8619B6A4CE46}.Debug|x64.Build.0 = Debug|Any CPU
		{5EE87C1F-1A7B-E02C-45B1-8619B6A4CE46}.Debug|x86.ActiveCfg = Debug|Any CPU
		{5EE87C1F-1A7B-E02C-45B1-8619B6A4CE46}.Debug|x86.Build.0 = Debug|Any CPU
		{5EE87C1F-1A7B-E02C-45B1-8619B6A4CE46}.Release|Any CPU.ActiveCfg = Release|Any CPU
		{5EE87C1F-1A7B-E02C-45B1-8619B6A4CE46}.Release|Any CPU.Build.0 = Release|Any CPU
		{5EE87C1F-1A7B-E02C-45B1-8619B6A4CE46}.Release|x64.ActiveCfg = Release|Any CPU
		{5EE87C1F-1A7B-E02C-45B1-8619B6A4CE46}.Release|x64.Build.0 = Release|Any CPU
		{5EE87C1F-1A7B-E02C-45B1-8619B6A4CE46}.Release|x86.ActiveCfg = Release|Any CPU
		{5EE87C1F-1A7B-E02C-45B1-8619B6A4CE46}.Release|x86.Build.0 = Release|Any CPU
		{8DED5340-24A0-48AA-80D7-D460CD732FBC}.Debug|Any CPU.ActiveCfg = Debug|Any CPU
		{8DED5340-24A0-48AA-80D7-D460CD732FBC}.Debug|Any CPU.Build.0 = Debug|Any CPU
		{8DED5340-24A0-48AA-80D7-D460CD732FBC}.Debug|x64.ActiveCfg = Debug|Any CPU
		{8DED5340-24A0-48AA-80D7-D460CD732FBC}.Debug|x64.Build.0 = Debug|Any CPU
		{8DED5340-24A0-48AA-80D7-D460CD732FBC}.Debug|x86.ActiveCfg = Debug|Any CPU
		{8DED5340-24A0-48AA-80D7-D460CD732FBC}.Debug|x86.Build.0 = Debug|Any CPU
		{8DED5340-24A0-48AA-80D7-D460CD732FBC}.Release|Any CPU.ActiveCfg = Release|Any CPU
		{8DED5340-24A0-48AA-80D7-D460CD732FBC}.Release|Any CPU.Build.0 = Release|Any CPU
		{8DED5340-24A0-48AA-80D7-D460CD732FBC}.Release|x64.ActiveCfg = Release|Any CPU
		{8DED5340-24A0-48AA-80D7-D460CD732FBC}.Release|x64.Build.0 = Release|Any CPU
		{8DED5340-24A0-48AA-80D7-D460CD732FBC}.Release|x86.ActiveCfg = Release|Any CPU
		{8DED5340-24A0-48AA-80D7-D460CD732FBC}.Release|x86.Build.0 = Release|Any CPU
		{EE92D526-0765-498C-B9CA-574FF33DA99D}.Debug|Any CPU.ActiveCfg = Debug|Any CPU
		{EE92D526-0765-498C-B9CA-574FF33DA99D}.Debug|Any CPU.Build.0 = Debug|Any CPU
		{EE92D526-0765-498C-B9CA-574FF33DA99D}.Debug|x64.ActiveCfg = Debug|Any CPU
		{EE92D526-0765-498C-B9CA-574FF33DA99D}.Debug|x64.Build.0 = Debug|Any CPU
		{EE92D526-0765-498C-B9CA-574FF33DA99D}.Debug|x86.ActiveCfg = Debug|Any CPU
		{EE92D526-0765-498C-B9CA-574FF33DA99D}.Debug|x86.Build.0 = Debug|Any CPU
		{EE92D526-0765-498C-B9CA-574FF33DA99D}.Release|Any CPU.ActiveCfg = Release|Any CPU
		{EE92D526-0765-498C-B9CA-574FF33DA99D}.Release|Any CPU.Build.0 = Release|Any CPU
		{EE92D526-0765-498C-B9CA-574FF33DA99D}.Release|x64.ActiveCfg = Release|Any CPU
		{EE92D526-0765-498C-B9CA-574FF33DA99D}.Release|x64.Build.0 = Release|Any CPU
		{EE92D526-0765-498C-B9CA-574FF33DA99D}.Release|x86.ActiveCfg = Release|Any CPU
		{EE92D526-0765-498C-B9CA-574FF33DA99D}.Release|x86.Build.0 = Release|Any CPU
		{A0B93F1E-24CC-4DB6-BDE7-582109428A2A}.Debug|Any CPU.ActiveCfg = Debug|Any CPU
		{A0B93F1E-24CC-4DB6-BDE7-582109428A2A}.Debug|Any CPU.Build.0 = Debug|Any CPU
		{A0B93F1E-24CC-4DB6-BDE7-582109428A2A}.Debug|x64.ActiveCfg = Debug|Any CPU
		{A0B93F1E-24CC-4DB6-BDE7-582109428A2A}.Debug|x64.Build.0 = Debug|Any CPU
		{A0B93F1E-24CC-4DB6-BDE7-582109428A2A}.Debug|x86.ActiveCfg = Debug|Any CPU
		{A0B93F1E-24CC-4DB6-BDE7-582109428A2A}.Debug|x86.Build.0 = Debug|Any CPU
		{A0B93F1E-24CC-4DB6-BDE7-582109428A2A}.Release|Any CPU.ActiveCfg = Release|Any CPU
		{A0B93F1E-24CC-4DB6-BDE7-582109428A2A}.Release|Any CPU.Build.0 = Release|Any CPU
		{A0B93F1E-24CC-4DB6-BDE7-582109428A2A}.Release|x64.ActiveCfg = Release|Any CPU
		{A0B93F1E-24CC-4DB6-BDE7-582109428A2A}.Release|x64.Build.0 = Release|Any CPU
		{A0B93F1E-24CC-4DB6-BDE7-582109428A2A}.Release|x86.ActiveCfg = Release|Any CPU
		{A0B93F1E-24CC-4DB6-BDE7-582109428A2A}.Release|x86.Build.0 = Release|Any CPU
		{EEC22CEA-C30D-4215-A869-BFD7BB05FA08}.Debug|Any CPU.ActiveCfg = Debug|Any CPU
		{EEC22CEA-C30D-4215-A869-BFD7BB05FA08}.Debug|Any CPU.Build.0 = Debug|Any CPU
		{EEC22CEA-C30D-4215-A869-BFD7BB05FA08}.Debug|x64.ActiveCfg = Debug|Any CPU
		{EEC22CEA-C30D-4215-A869-BFD7BB05FA08}.Debug|x64.Build.0 = Debug|Any CPU
		{EEC22CEA-C30D-4215-A869-BFD7BB05FA08}.Debug|x86.ActiveCfg = Debug|Any CPU
		{EEC22CEA-C30D-4215-A869-BFD7BB05FA08}.Debug|x86.Build.0 = Debug|Any CPU
		{EEC22CEA-C30D-4215-A869-BFD7BB05FA08}.Release|Any CPU.ActiveCfg = Release|Any CPU
		{EEC22CEA-C30D-4215-A869-BFD7BB05FA08}.Release|Any CPU.Build.0 = Release|Any CPU
		{EEC22CEA-C30D-4215-A869-BFD7BB05FA08}.Release|x64.ActiveCfg = Release|Any CPU
		{EEC22CEA-C30D-4215-A869-BFD7BB05FA08}.Release|x64.Build.0 = Release|Any CPU
		{EEC22CEA-C30D-4215-A869-BFD7BB05FA08}.Release|x86.ActiveCfg = Release|Any CPU
		{EEC22CEA-C30D-4215-A869-BFD7BB05FA08}.Release|x86.Build.0 = Release|Any CPU
		{5DDFDC72-62B4-4552-93EC-BBE6C004C32D}.Debug|Any CPU.ActiveCfg = Debug|Any CPU
		{5DDFDC72-62B4-4552-93EC-BBE6C004C32D}.Debug|Any CPU.Build.0 = Debug|Any CPU
		{5DDFDC72-62B4-4552-93EC-BBE6C004C32D}.Debug|x64.ActiveCfg = Debug|Any CPU
		{5DDFDC72-62B4-4552-93EC-BBE6C004C32D}.Debug|x64.Build.0 = Debug|Any CPU
		{5DDFDC72-62B4-4552-93EC-BBE6C004C32D}.Debug|x86.ActiveCfg = Debug|Any CPU
		{5DDFDC72-62B4-4552-93EC-BBE6C004C32D}.Debug|x86.Build.0 = Debug|Any CPU
		{5DDFDC72-62B4-4552-93EC-BBE6C004C32D}.Release|Any CPU.ActiveCfg = Release|Any CPU
		{5DDFDC72-62B4-4552-93EC-BBE6C004C32D}.Release|Any CPU.Build.0 = Release|Any CPU
		{5DDFDC72-62B4-4552-93EC-BBE6C004C32D}.Release|x64.ActiveCfg = Release|Any CPU
		{5DDFDC72-62B4-4552-93EC-BBE6C004C32D}.Release|x64.Build.0 = Release|Any CPU
		{5DDFDC72-62B4-4552-93EC-BBE6C004C32D}.Release|x86.ActiveCfg = Release|Any CPU
		{5DDFDC72-62B4-4552-93EC-BBE6C004C32D}.Release|x86.Build.0 = Release|Any CPU
		{A17F989F-0E86-4F59-B5F5-DFD098FDD683}.Debug|Any CPU.ActiveCfg = Debug|Any CPU
		{A17F989F-0E86-4F59-B5F5-DFD098FDD683}.Debug|Any CPU.Build.0 = Debug|Any CPU
		{A17F989F-0E86-4F59-B5F5-DFD098FDD683}.Debug|x64.ActiveCfg = Debug|Any CPU
		{A17F989F-0E86-4F59-B5F5-DFD098FDD683}.Debug|x64.Build.0 = Debug|Any CPU
		{A17F989F-0E86-4F59-B5F5-DFD098FDD683}.Debug|x86.ActiveCfg = Debug|Any CPU
		{A17F989F-0E86-4F59-B5F5-DFD098FDD683}.Debug|x86.Build.0 = Debug|Any CPU
		{A17F989F-0E86-4F59-B5F5-DFD098FDD683}.Release|Any CPU.ActiveCfg = Release|Any CPU
		{A17F989F-0E86-4F59-B5F5-DFD098FDD683}.Release|Any CPU.Build.0 = Release|Any CPU
		{A17F989F-0E86-4F59-B5F5-DFD098FDD683}.Release|x64.ActiveCfg = Release|Any CPU
		{A17F989F-0E86-4F59-B5F5-DFD098FDD683}.Release|x64.Build.0 = Release|Any CPU
		{A17F989F-0E86-4F59-B5F5-DFD098FDD683}.Release|x86.ActiveCfg = Release|Any CPU
		{A17F989F-0E86-4F59-B5F5-DFD098FDD683}.Release|x86.Build.0 = Release|Any CPU
		{0F039833-ADD9-4D97-89BE-9A6D3B8F7666}.Debug|Any CPU.ActiveCfg = Debug|Any CPU
		{0F039833-ADD9-4D97-89BE-9A6D3B8F7666}.Debug|Any CPU.Build.0 = Debug|Any CPU
		{0F039833-ADD9-4D97-89BE-9A6D3B8F7666}.Debug|x64.ActiveCfg = Debug|Any CPU
		{0F039833-ADD9-4D97-89BE-9A6D3B8F7666}.Debug|x64.Build.0 = Debug|Any CPU
		{0F039833-ADD9-4D97-89BE-9A6D3B8F7666}.Debug|x86.ActiveCfg = Debug|Any CPU
		{0F039833-ADD9-4D97-89BE-9A6D3B8F7666}.Debug|x86.Build.0 = Debug|Any CPU
		{0F039833-ADD9-4D97-89BE-9A6D3B8F7666}.Release|Any CPU.ActiveCfg = Release|Any CPU
		{0F039833-ADD9-4D97-89BE-9A6D3B8F7666}.Release|Any CPU.Build.0 = Release|Any CPU
		{0F039833-ADD9-4D97-89BE-9A6D3B8F7666}.Release|x64.ActiveCfg = Release|Any CPU
		{0F039833-ADD9-4D97-89BE-9A6D3B8F7666}.Release|x64.Build.0 = Release|Any CPU
		{0F039833-ADD9-4D97-89BE-9A6D3B8F7666}.Release|x86.ActiveCfg = Release|Any CPU
		{0F039833-ADD9-4D97-89BE-9A6D3B8F7666}.Release|x86.Build.0 = Release|Any CPU
		{E303A5FD-11F2-48D7-AE01-ECD4CBF3E1D5}.Debug|Any CPU.ActiveCfg = Debug|Any CPU
		{E303A5FD-11F2-48D7-AE01-ECD4CBF3E1D5}.Debug|Any CPU.Build.0 = Debug|Any CPU
		{E303A5FD-11F2-48D7-AE01-ECD4CBF3E1D5}.Debug|x64.ActiveCfg = Debug|Any CPU
		{E303A5FD-11F2-48D7-AE01-ECD4CBF3E1D5}.Debug|x64.Build.0 = Debug|Any CPU
		{E303A5FD-11F2-48D7-AE01-ECD4CBF3E1D5}.Debug|x86.ActiveCfg = Debug|Any CPU
		{E303A5FD-11F2-48D7-AE01-ECD4CBF3E1D5}.Debug|x86.Build.0 = Debug|Any CPU
		{E303A5FD-11F2-48D7-AE01-ECD4CBF3E1D5}.Release|Any CPU.ActiveCfg = Release|Any CPU
		{E303A5FD-11F2-48D7-AE01-ECD4CBF3E1D5}.Release|Any CPU.Build.0 = Release|Any CPU
		{E303A5FD-11F2-48D7-AE01-ECD4CBF3E1D5}.Release|x64.ActiveCfg = Release|Any CPU
		{E303A5FD-11F2-48D7-AE01-ECD4CBF3E1D5}.Release|x64.Build.0 = Release|Any CPU
		{E303A5FD-11F2-48D7-AE01-ECD4CBF3E1D5}.Release|x86.ActiveCfg = Release|Any CPU
		{E303A5FD-11F2-48D7-AE01-ECD4CBF3E1D5}.Release|x86.Build.0 = Release|Any CPU
		{F6046423-F605-4EBB-9503-82474500DB41}.Debug|Any CPU.ActiveCfg = Debug|Any CPU
		{F6046423-F605-4EBB-9503-82474500DB41}.Debug|Any CPU.Build.0 = Debug|Any CPU
		{F6046423-F605-4EBB-9503-82474500DB41}.Debug|x64.ActiveCfg = Debug|Any CPU
		{F6046423-F605-4EBB-9503-82474500DB41}.Debug|x64.Build.0 = Debug|Any CPU
		{F6046423-F605-4EBB-9503-82474500DB41}.Debug|x86.ActiveCfg = Debug|Any CPU
		{F6046423-F605-4EBB-9503-82474500DB41}.Debug|x86.Build.0 = Debug|Any CPU
		{F6046423-F605-4EBB-9503-82474500DB41}.Release|Any CPU.ActiveCfg = Release|Any CPU
		{F6046423-F605-4EBB-9503-82474500DB41}.Release|Any CPU.Build.0 = Release|Any CPU
		{F6046423-F605-4EBB-9503-82474500DB41}.Release|x64.ActiveCfg = Release|Any CPU
		{F6046423-F605-4EBB-9503-82474500DB41}.Release|x64.Build.0 = Release|Any CPU
		{F6046423-F605-4EBB-9503-82474500DB41}.Release|x86.ActiveCfg = Release|Any CPU
		{F6046423-F605-4EBB-9503-82474500DB41}.Release|x86.Build.0 = Release|Any CPU
		{641FDC68-3913-4EF5-BEDA-A04CD05BB358}.Debug|Any CPU.ActiveCfg = Debug|Any CPU
		{641FDC68-3913-4EF5-BEDA-A04CD05BB358}.Debug|Any CPU.Build.0 = Debug|Any CPU
		{641FDC68-3913-4EF5-BEDA-A04CD05BB358}.Debug|x64.ActiveCfg = Debug|Any CPU
		{641FDC68-3913-4EF5-BEDA-A04CD05BB358}.Debug|x64.Build.0 = Debug|Any CPU
		{641FDC68-3913-4EF5-BEDA-A04CD05BB358}.Debug|x86.ActiveCfg = Debug|Any CPU
		{641FDC68-3913-4EF5-BEDA-A04CD05BB358}.Debug|x86.Build.0 = Debug|Any CPU
		{641FDC68-3913-4EF5-BEDA-A04CD05BB358}.Release|Any CPU.ActiveCfg = Release|Any CPU
		{641FDC68-3913-4EF5-BEDA-A04CD05BB358}.Release|Any CPU.Build.0 = Release|Any CPU
		{641FDC68-3913-4EF5-BEDA-A04CD05BB358}.Release|x64.ActiveCfg = Release|Any CPU
		{641FDC68-3913-4EF5-BEDA-A04CD05BB358}.Release|x64.Build.0 = Release|Any CPU
		{641FDC68-3913-4EF5-BEDA-A04CD05BB358}.Release|x86.ActiveCfg = Release|Any CPU
		{641FDC68-3913-4EF5-BEDA-A04CD05BB358}.Release|x86.Build.0 = Release|Any CPU
	EndGlobalSection
	GlobalSection(SolutionProperties) = preSolution
		HideSolutionNode = FALSE
	EndGlobalSection
	GlobalSection(ExtensibilityGlobals) = postSolution
		SolutionGuid = {F362BC86-54CB-416B-BA08-30F1B13CD4A6}
	EndGlobalSection
EndGlobal
